
Microsoft Visual Studio Solution File, Format Version 12.00
# Visual Studio Version 17
VisualStudioVersion = 17.5.002.0
MinimumVisualStudioVersion = 10.0.40219.1
Project("{2150E333-8FDC-42A3-9474-1A3956D46DE8}") = "sandbox", "sandbox", "{07D9B379-EE7B-4AE0-9A4F-DB6B183A50A1}"
EndProject
Project("{9A19103F-16F7-4668-BE54-9A1E7A4F7556}") = "sandbox_project", "sandbox\sandbox_project\sandbox_project.csproj", "{71006D6A-17ED-42BB-8516-445C4AFC357A}"
EndProject
Project("{2150E333-8FDC-42A3-9474-1A3956D46DE8}") = "week01", "week01", "{F20055E9-14D5-4594-A932-D23DAB4E3E60}"
EndProject
Project("{9A19103F-16F7-4668-BE54-9A1E7A4F7556}") = "analyze", "week01\analyze\analyze.csproj", "{11988D34-2FE6-4C95-8D59-0AB2120747C0}"
EndProject
Project("{9A19103F-16F7-4668-BE54-9A1E7A4F7556}") = "code", "week01\code\code.csproj", "{5424612C-3348-4300-AA59-BD2ABA7736F2}"
EndProject
Project("{9A19103F-16F7-4668-BE54-9A1E7A4F7556}") = "teach", "week01\teach\teach.csproj", "{475B7A26-8F23-44B8-95B3-86866A9DB483}"
EndProject
Project("{2150E333-8FDC-42A3-9474-1A3956D46DE8}") = "week02", "week02", "{9868E60B-BCFC-46D2-881A-1474EC115A93}"
EndProject
Project("{9A19103F-16F7-4668-BE54-9A1E7A4F7556}") = "analyze", "week02\analyze\analyze.csproj", "{A60D6AA0-AEA6-46D1-9FA7-011D525E6F43}"
EndProject
Project("{9A19103F-16F7-4668-BE54-9A1E7A4F7556}") = "code", "week02\code\code.csproj", "{633CC480-62B4-493B-86B1-B5194D0FC072}"
EndProject
Project("{9A19103F-16F7-4668-BE54-9A1E7A4F7556}") = "learn", "week02\learn\learn.csproj", "{038A0315-B8B2-495F-AD1C-78ABFA84866E}"
EndProject
Project("{9A19103F-16F7-4668-BE54-9A1E7A4F7556}") = "teach", "week02\teach\teach.csproj", "{17581101-1152-4029-8942-BF23B80AB1E5}"
EndProject
Project("{2150E333-8FDC-42A3-9474-1A3956D46DE8}") = "week03", "week03", "{BCF9573C-516F-4004-9C2E-B674E2A31A65}"
EndProject
Project("{9A19103F-16F7-4668-BE54-9A1E7A4F7556}") = "code", "week03\code\code.csproj", "{C48B44F2-350B-4A0B-8A0A-8F88DDCFDAFA}"
EndProject
Project("{9A19103F-16F7-4668-BE54-9A1E7A4F7556}") = "learn", "week03\learn\learn.csproj", "{9B99F647-66C6-48CD-B097-82424A20AB43}"
EndProject
Project("{9A19103F-16F7-4668-BE54-9A1E7A4F7556}") = "teach", "week03\teach\teach.csproj", "{15BF9921-BD76-4BE1-82A2-9DF536B5D8B3}"
EndProject
Project("{2150E333-8FDC-42A3-9474-1A3956D46DE8}") = "week04", "week04", "{FAC03E4F-430A-41C0-A85D-BFF7AE1F2F83}"
EndProject
Project("{9A19103F-16F7-4668-BE54-9A1E7A4F7556}") = "code", "week04\code\code.csproj", "{6D8C3A87-3FCF-4818-B0B2-8A1C4FD40847}"
EndProject
Project("{2150E333-8FDC-42A3-9474-1A3956D46DE8}") = "week05", "week05", "{89B487FD-F3F1-44D8-BA17-E3B40C000FC5}"
EndProject
Project("{9A19103F-16F7-4668-BE54-9A1E7A4F7556}") = "code", "week05\code\code.csproj", "{FCA7D18C-0F12-4F74-B555-34FB1A518E86}"
EndProject
Project("{2150E333-8FDC-42A3-9474-1A3956D46DE8}") = "week06", "week06", "{AA6B446B-1C55-4AB8-87D8-AC15E25E427F}"
EndProject
Project("{9A19103F-16F7-4668-BE54-9A1E7A4F7556}") = "code", "week06\code\code.csproj", "{8B91F1F1-C568-49C7-BC3E-3DECEC96228F}"
EndProject
Global
	GlobalSection(SolutionConfigurationPlatforms) = preSolution
		Debug|Any CPU = Debug|Any CPU
		Release|Any CPU = Release|Any CPU
	EndGlobalSection
	GlobalSection(ProjectConfigurationPlatforms) = postSolution
		{71006D6A-17ED-42BB-8516-445C4AFC357A}.Debug|Any CPU.ActiveCfg = Debug|Any CPU
		{71006D6A-17ED-42BB-8516-445C4AFC357A}.Debug|Any CPU.Build.0 = Debug|Any CPU
		{71006D6A-17ED-42BB-8516-445C4AFC357A}.Release|Any CPU.ActiveCfg = Release|Any CPU
		{71006D6A-17ED-42BB-8516-445C4AFC357A}.Release|Any CPU.Build.0 = Release|Any CPU
		{11988D34-2FE6-4C95-8D59-0AB2120747C0}.Debug|Any CPU.ActiveCfg = Debug|Any CPU
		{11988D34-2FE6-4C95-8D59-0AB2120747C0}.Debug|Any CPU.Build.0 = Debug|Any CPU
		{11988D34-2FE6-4C95-8D59-0AB2120747C0}.Release|Any CPU.ActiveCfg = Release|Any CPU
		{11988D34-2FE6-4C95-8D59-0AB2120747C0}.Release|Any CPU.Build.0 = Release|Any CPU
		{5424612C-3348-4300-AA59-BD2ABA7736F2}.Debug|Any CPU.ActiveCfg = Debug|Any CPU
		{5424612C-3348-4300-AA59-BD2ABA7736F2}.Debug|Any CPU.Build.0 = Debug|Any CPU
		{5424612C-3348-4300-AA59-BD2ABA7736F2}.Release|Any CPU.ActiveCfg = Release|Any CPU
		{5424612C-3348-4300-AA59-BD2ABA7736F2}.Release|Any CPU.Build.0 = Release|Any CPU
		{475B7A26-8F23-44B8-95B3-86866A9DB483}.Debug|Any CPU.ActiveCfg = Debug|Any CPU
		{475B7A26-8F23-44B8-95B3-86866A9DB483}.Debug|Any CPU.Build.0 = Debug|Any CPU
		{475B7A26-8F23-44B8-95B3-86866A9DB483}.Release|Any CPU.ActiveCfg = Release|Any CPU
		{475B7A26-8F23-44B8-95B3-86866A9DB483}.Release|Any CPU.Build.0 = Release|Any CPU
		{A60D6AA0-AEA6-46D1-9FA7-011D525E6F43}.Debug|Any CPU.ActiveCfg = Debug|Any CPU
		{A60D6AA0-AEA6-46D1-9FA7-011D525E6F43}.Debug|Any CPU.Build.0 = Debug|Any CPU
		{A60D6AA0-AEA6-46D1-9FA7-011D525E6F43}.Release|Any CPU.ActiveCfg = Release|Any CPU
		{A60D6AA0-AEA6-46D1-9FA7-011D525E6F43}.Release|Any CPU.Build.0 = Release|Any CPU
		{633CC480-62B4-493B-86B1-B5194D0FC072}.Debug|Any CPU.ActiveCfg = Debug|Any CPU
		{633CC480-62B4-493B-86B1-B5194D0FC072}.Debug|Any CPU.Build.0 = Debug|Any CPU
		{633CC480-62B4-493B-86B1-B5194D0FC072}.Release|Any CPU.ActiveCfg = Release|Any CPU
		{633CC480-62B4-493B-86B1-B5194D0FC072}.Release|Any CPU.Build.0 = Release|Any CPU
		{038A0315-B8B2-495F-AD1C-78ABFA84866E}.Debug|Any CPU.ActiveCfg = Debug|Any CPU
		{038A0315-B8B2-495F-AD1C-78ABFA84866E}.Debug|Any CPU.Build.0 = Debug|Any CPU
		{038A0315-B8B2-495F-AD1C-78ABFA84866E}.Release|Any CPU.ActiveCfg = Release|Any CPU
		{038A0315-B8B2-495F-AD1C-78ABFA84866E}.Release|Any CPU.Build.0 = Release|Any CPU
		{17581101-1152-4029-8942-BF23B80AB1E5}.Debug|Any CPU.ActiveCfg = Debug|Any CPU
		{17581101-1152-4029-8942-BF23B80AB1E5}.Debug|Any CPU.Build.0 = Debug|Any CPU
		{17581101-1152-4029-8942-BF23B80AB1E5}.Release|Any CPU.ActiveCfg = Release|Any CPU
		{17581101-1152-4029-8942-BF23B80AB1E5}.Release|Any CPU.Build.0 = Release|Any CPU
		{C48B44F2-350B-4A0B-8A0A-8F88DDCFDAFA}.Debug|Any CPU.ActiveCfg = Debug|Any CPU
		{C48B44F2-350B-4A0B-8A0A-8F88DDCFDAFA}.Debug|Any CPU.Build.0 = Debug|Any CPU
		{C48B44F2-350B-4A0B-8A0A-8F88DDCFDAFA}.Release|Any CPU.ActiveCfg = Release|Any CPU
		{C48B44F2-350B-4A0B-8A0A-8F88DDCFDAFA}.Release|Any CPU.Build.0 = Release|Any CPU
		{9B99F647-66C6-48CD-B097-82424A20AB43}.Debug|Any CPU.ActiveCfg = Debug|Any CPU
		{9B99F647-66C6-48CD-B097-82424A20AB43}.Debug|Any CPU.Build.0 = Debug|Any CPU
		{9B99F647-66C6-48CD-B097-82424A20AB43}.Release|Any CPU.ActiveCfg = Release|Any CPU
		{9B99F647-66C6-48CD-B097-82424A20AB43}.Release|Any CPU.Build.0 = Release|Any CPU
		{15BF9921-BD76-4BE1-82A2-9DF536B5D8B3}.Debug|Any CPU.ActiveCfg = Debug|Any CPU
		{15BF9921-BD76-4BE1-82A2-9DF536B5D8B3}.Debug|Any CPU.Build.0 = Debug|Any CPU
		{15BF9921-BD76-4BE1-82A2-9DF536B5D8B3}.Release|Any CPU.ActiveCfg = Release|Any CPU
		{15BF9921-BD76-4BE1-82A2-9DF536B5D8B3}.Release|Any CPU.Build.0 = Release|Any CPU
		{6D8C3A87-3FCF-4818-B0B2-8A1C4FD40847}.Debug|Any CPU.ActiveCfg = Debug|Any CPU
		{6D8C3A87-3FCF-4818-B0B2-8A1C4FD40847}.Debug|Any CPU.Build.0 = Debug|Any CPU
		{6D8C3A87-3FCF-4818-B0B2-8A1C4FD40847}.Release|Any CPU.ActiveCfg = Release|Any CPU
		{6D8C3A87-3FCF-4818-B0B2-8A1C4FD40847}.Release|Any CPU.Build.0 = Release|Any CPU
		{FCA7D18C-0F12-4F74-B555-34FB1A518E86}.Debug|Any CPU.ActiveCfg = Debug|Any CPU
		{FCA7D18C-0F12-4F74-B555-34FB1A518E86}.Debug|Any CPU.Build.0 = Debug|Any CPU
		{FCA7D18C-0F12-4F74-B555-34FB1A518E86}.Release|Any CPU.ActiveCfg = Release|Any CPU
		{FCA7D18C-0F12-4F74-B555-34FB1A518E86}.Release|Any CPU.Build.0 = Release|Any CPU
		{8B91F1F1-C568-49C7-BC3E-3DECEC96228F}.Debug|Any CPU.ActiveCfg = Debug|Any CPU
		{8B91F1F1-C568-49C7-BC3E-3DECEC96228F}.Debug|Any CPU.Build.0 = Debug|Any CPU
		{8B91F1F1-C568-49C7-BC3E-3DECEC96228F}.Release|Any CPU.ActiveCfg = Release|Any CPU
		{8B91F1F1-C568-49C7-BC3E-3DECEC96228F}.Release|Any CPU.Build.0 = Release|Any CPU
	EndGlobalSection
	GlobalSection(SolutionProperties) = preSolution
		HideSolutionNode = FALSE
	EndGlobalSection
	GlobalSection(NestedProjects) = preSolution
		{71006D6A-17ED-42BB-8516-445C4AFC357A} = {07D9B379-EE7B-4AE0-9A4F-DB6B183A50A1}
		{11988D34-2FE6-4C95-8D59-0AB2120747C0} = {F20055E9-14D5-4594-A932-D23DAB4E3E60}
		{5424612C-3348-4300-AA59-BD2ABA7736F2} = {F20055E9-14D5-4594-A932-D23DAB4E3E60}
		{475B7A26-8F23-44B8-95B3-86866A9DB483} = {F20055E9-14D5-4594-A932-D23DAB4E3E60}
		{A60D6AA0-AEA6-46D1-9FA7-011D525E6F43} = {9868E60B-BCFC-46D2-881A-1474EC115A93}
		{633CC480-62B4-493B-86B1-B5194D0FC072} = {9868E60B-BCFC-46D2-881A-1474EC115A93}
		{038A0315-B8B2-495F-AD1C-78ABFA84866E} = {9868E60B-BCFC-46D2-881A-1474EC115A93}
		{17581101-1152-4029-8942-BF23B80AB1E5} = {9868E60B-BCFC-46D2-881A-1474EC115A93}
		{C48B44F2-350B-4A0B-8A0A-8F88DDCFDAFA} = {BCF9573C-516F-4004-9C2E-B674E2A31A65}
		{9B99F647-66C6-48CD-B097-82424A20AB43} = {BCF9573C-516F-4004-9C2E-B674E2A31A65}
		{15BF9921-BD76-4BE1-82A2-9DF536B5D8B3} = {BCF9573C-516F-4004-9C2E-B674E2A31A65}
		{6D8C3A87-3FCF-4818-B0B2-8A1C4FD40847} = {FAC03E4F-430A-41C0-A85D-BFF7AE1F2F83}
		{FCA7D18C-0F12-4F74-B555-34FB1A518E86} = {89B487FD-F3F1-44D8-BA17-E3B40C000FC5}
		{8B91F1F1-C568-49C7-BC3E-3DECEC96228F} = {AA6B446B-1C55-4AB8-87D8-AC15E25E427F}
	EndGlobalSection
	GlobalSection(ExtensibilityGlobals) = postSolution
		SolutionGuid = {B071D55D-A859-4693-87A3-2CB6BD42429F}
	EndGlobalSection
EndGlobal
